
Microsoft Visual Studio Solution File, Format Version 12.00
# Visual Studio 15
Project("{FAE04EC0-301F-11D3-BF4B-00C04F79EFBC}") = "Corporate_Controller.cs", "Corporate_Controller.cs.csproj", "{4BEFA8DE-4EFC-4946-AB84-9361C1DBC290}"
EndProject
Global
	GlobalSection(SolutionConfigurationPlatforms) = preSolution
		Debug|Any CPU = Debug|Any CPU
		Release|Any CPU = Release|Any CPU
	EndGlobalSection
	GlobalSection(ProjectConfigurationPlatforms) = postSolution
		{4BEFA8DE-4EFC-4946-AB84-9361C1DBC290}.Debug|Any CPU.ActiveCfg = Debug|Any CPU
		{4BEFA8DE-4EFC-4946-AB84-9361C1DBC290}.Debug|Any CPU.Build.0 = Debug|Any CPU
		{4BEFA8DE-4EFC-4946-AB84-9361C1DBC290}.Release|Any CPU.ActiveCfg = Release|Any CPU
		{4BEFA8DE-4EFC-4946-AB84-9361C1DBC290}.Release|Any CPU.Build.0 = Release|Any CPU
	EndGlobalSection
EndGlobal
